
Microsoft Visual Studio Solution File, Format Version 12.00
# Visual Studio Version 17
VisualStudioVersion = 17.10.34928.147
MinimumVisualStudioVersion = 10.0.40219.1
Project("{9A19103F-16F7-4668-BE54-9A1E7A4F7556}") = "ApiAggregationService", "ApiAggregationService\ApiAggregationService.csproj", "{04A2870A-EE6E-4653-A351-57FBEEAC8274}"
EndProject
Project("{9A19103F-16F7-4668-BE54-9A1E7A4F7556}") = "Tests", "Tests\Tests.csproj", "{B5882BA9-F2FE-4951-AAAE-7FEA5875EDD7}"
EndProject
Global
	GlobalSection(SolutionConfigurationPlatforms) = preSolution
		Debug|Any CPU = Debug|Any CPU
		Release|Any CPU = Release|Any CPU
	EndGlobalSection
	GlobalSection(ProjectConfigurationPlatforms) = postSolution
		{04A2870A-EE6E-4653-A351-57FBEEAC8274}.Debug|Any CPU.ActiveCfg = Debug|Any CPU
		{04A2870A-EE6E-4653-A351-57FBEEAC8274}.Debug|Any CPU.Build.0 = Debug|Any CPU
		{04A2870A-EE6E-4653-A351-57FBEEAC8274}.Release|Any CPU.ActiveCfg = Release|Any CPU
		{04A2870A-EE6E-4653-A351-57FBEEAC8274}.Release|Any CPU.Build.0 = Release|Any CPU
		{B5882BA9-F2FE-4951-AAAE-7FEA5875EDD7}.Debug|Any CPU.ActiveCfg = Debug|Any CPU
		{B5882BA9-F2FE-4951-AAAE-7FEA5875EDD7}.Debug|Any CPU.Build.0 = Debug|Any CPU
		{B5882BA9-F2FE-4951-AAAE-7FEA5875EDD7}.Release|Any CPU.ActiveCfg = Release|Any CPU
		{B5882BA9-F2FE-4951-AAAE-7FEA5875EDD7}.Release|Any CPU.Build.0 = Release|Any CPU
	EndGlobalSection
	GlobalSection(SolutionProperties) = preSolution
		HideSolutionNode = FALSE
	EndGlobalSection
	GlobalSection(ExtensibilityGlobals) = postSolution
		SolutionGuid = {654DF372-D329-4930-8084-FE37B9DA1358}
	EndGlobalSection
EndGlobal
